
Microsoft Visual Studio Solution File, Format Version 12.00
# Visual Studio 2012
Project("{FAE04EC0-301F-11D3-BF4B-00C04F79EFBC}") = "set_game", "ConsoleApplication1\set_game.csproj", "{F5304015-BB79-4AB9-B2E9-4183185A8125}"
EndProject
Global
	GlobalSection(SolutionConfigurationPlatforms) = preSolution
		Debug|Any CPU = Debug|Any CPU
		Release|Any CPU = Release|Any CPU
	EndGlobalSection
	GlobalSection(ProjectConfigurationPlatforms) = postSolution
		{F5304015-BB79-4AB9-B2E9-4183185A8125}.Debug|Any CPU.ActiveCfg = Debug|Any CPU
		{F5304015-BB79-4AB9-B2E9-4183185A8125}.Debug|Any CPU.Build.0 = Debug|Any CPU
		{F5304015-BB79-4AB9-B2E9-4183185A8125}.Release|Any CPU.ActiveCfg = Release|Any CPU
		{F5304015-BB79-4AB9-B2E9-4183185A8125}.Release|Any CPU.Build.0 = Release|Any CPU
	EndGlobalSection
	GlobalSection(SolutionProperties) = preSolution
		HideSolutionNode = FALSE
	EndGlobalSection
EndGlobal
